
Microsoft Visual Studio Solution File, Format Version 12.00
# Visual Studio Version 17
VisualStudioVersion = 17.5.33516.290
MinimumVisualStudioVersion = 10.0.40219.1
Project("{FAE04EC0-301F-11D3-BF4B-00C04F79EFBC}") = "informationSystem", "informationSystem.csproj", "{CE77CC76-6CF5-4049-97DC-3E5777E8F55D}"
EndProject
Project("{FAE04EC0-301F-11D3-BF4B-00C04F79EFBC}") = "informationSystem.TestsForInformationSystem", "..\informationSystemTests.TestsForInformationSystem\informationSystem.TestsForInformationSystem.csproj", "{F7F8AB93-98CA-489D-B0FB-9A99720ACE17}"
EndProject
Global
	GlobalSection(SolutionConfigurationPlatforms) = preSolution
		Debug|Any CPU = Debug|Any CPU
		Release|Any CPU = Release|Any CPU
	EndGlobalSection
	GlobalSection(ProjectConfigurationPlatforms) = postSolution
		{CE77CC76-6CF5-4049-97DC-3E5777E8F55D}.Debug|Any CPU.ActiveCfg = Debug|Any CPU
		{CE77CC76-6CF5-4049-97DC-3E5777E8F55D}.Debug|Any CPU.Build.0 = Debug|Any CPU
		{CE77CC76-6CF5-4049-97DC-3E5777E8F55D}.Release|Any CPU.ActiveCfg = Release|Any CPU
		{CE77CC76-6CF5-4049-97DC-3E5777E8F55D}.Release|Any CPU.Build.0 = Release|Any CPU
		{F7F8AB93-98CA-489D-B0FB-9A99720ACE17}.Debug|Any CPU.ActiveCfg = Debug|Any CPU
		{F7F8AB93-98CA-489D-B0FB-9A99720ACE17}.Debug|Any CPU.Build.0 = Debug|Any CPU
		{F7F8AB93-98CA-489D-B0FB-9A99720ACE17}.Release|Any CPU.ActiveCfg = Release|Any CPU
		{F7F8AB93-98CA-489D-B0FB-9A99720ACE17}.Release|Any CPU.Build.0 = Release|Any CPU
	EndGlobalSection
	GlobalSection(SolutionProperties) = preSolution
		HideSolutionNode = FALSE
	EndGlobalSection
	GlobalSection(ExtensibilityGlobals) = postSolution
		SolutionGuid = {E2B7619B-5505-48BD-876E-A3741CD753E0}
	EndGlobalSection
EndGlobal
